
Microsoft Visual Studio Solution File, Format Version 12.00
# Visual Studio Version 16
VisualStudioVersion = 16.0.32106.194
MinimumVisualStudioVersion = 10.0.40219.1
Project("{FAE04EC0-301F-11D3-BF4B-00C04F79EFBC}") = "PM3E44.Android", "PM3E44\PM3E44.Android\PM3E44.Android.csproj", "{B9D0A6EF-B9E9-413C-AC4F-4F92816F8D85}"
EndProject
Project("{FAE04EC0-301F-11D3-BF4B-00C04F79EFBC}") = "PM3E44", "PM3E44\PM3E44\PM3E44.csproj", "{E99BA883-3C6C-4D67-8AE5-6EBE2EEEEEDD}"
EndProject
Global
	GlobalSection(SolutionConfigurationPlatforms) = preSolution
		Debug|Any CPU = Debug|Any CPU
		Release|Any CPU = Release|Any CPU
	EndGlobalSection
	GlobalSection(ProjectConfigurationPlatforms) = postSolution
		{B9D0A6EF-B9E9-413C-AC4F-4F92816F8D85}.Debug|Any CPU.ActiveCfg = Debug|Any CPU
		{B9D0A6EF-B9E9-413C-AC4F-4F92816F8D85}.Debug|Any CPU.Build.0 = Debug|Any CPU
		{B9D0A6EF-B9E9-413C-AC4F-4F92816F8D85}.Debug|Any CPU.Deploy.0 = Debug|Any CPU
		{B9D0A6EF-B9E9-413C-AC4F-4F92816F8D85}.Release|Any CPU.ActiveCfg = Release|Any CPU
		{B9D0A6EF-B9E9-413C-AC4F-4F92816F8D85}.Release|Any CPU.Build.0 = Release|Any CPU
		{B9D0A6EF-B9E9-413C-AC4F-4F92816F8D85}.Release|Any CPU.Deploy.0 = Release|Any CPU
		{E99BA883-3C6C-4D67-8AE5-6EBE2EEEEEDD}.Debug|Any CPU.ActiveCfg = Debug|Any CPU
		{E99BA883-3C6C-4D67-8AE5-6EBE2EEEEEDD}.Debug|Any CPU.Build.0 = Debug|Any CPU
		{E99BA883-3C6C-4D67-8AE5-6EBE2EEEEEDD}.Debug|Any CPU.Deploy.0 = Debug|Any CPU
		{E99BA883-3C6C-4D67-8AE5-6EBE2EEEEEDD}.Release|Any CPU.ActiveCfg = Release|Any CPU
		{E99BA883-3C6C-4D67-8AE5-6EBE2EEEEEDD}.Release|Any CPU.Build.0 = Release|Any CPU
		{E99BA883-3C6C-4D67-8AE5-6EBE2EEEEEDD}.Release|Any CPU.Deploy.0 = Release|Any CPU
	EndGlobalSection
	GlobalSection(SolutionProperties) = preSolution
		HideSolutionNode = FALSE
	EndGlobalSection
	GlobalSection(ExtensibilityGlobals) = postSolution
		SolutionGuid = {035199FF-03FD-4F1A-9D0D-FDBA60EECF2B}
	EndGlobalSection
EndGlobal
